// !$*UTF8*$!
{
	archiveVersion = 1;
	classes = {
	};
	objectVersion = 50;
	objects = {

/* Begin PBXBuildFile section */
		D943191F2417E3ED0015CB89 /* AppDelegate.swift in Sources */ = {isa = PBXBuildFile; fileRef = D943191E2417E3ED0015CB89 /* AppDelegate.swift */; };
		D94319212417E3ED0015CB89 /* SceneDelegate.swift in Sources */ = {isa = PBXBuildFile; fileRef = D94319202417E3ED0015CB89 /* SceneDelegate.swift */; };
		D94319232417E3ED0015CB89 /* ViewController.swift in Sources */ = {isa = PBXBuildFile; fileRef = D94319222417E3ED0015CB89 /* ViewController.swift */; };
		D94319262417E3ED0015CB89 /* Main.storyboard in Resources */ = {isa = PBXBuildFile; fileRef = D94319242417E3ED0015CB89 /* Main.storyboard */; };
		D94319282417E3EE0015CB89 /* Assets.xcassets in Resources */ = {isa = PBXBuildFile; fileRef = D94319272417E3EE0015CB89 /* Assets.xcassets */; };
		D943192B2417E3EE0015CB89 /* LaunchScreen.storyboard in Resources */ = {isa = PBXBuildFile; fileRef = D94319292417E3EE0015CB89 /* LaunchScreen.storyboard */; };
/* End PBXBuildFile section */

/* Begin PBXFileReference section */
		D943191B2417E3ED0015CB89 /* Chapter8StackViewLayoutPrioritiesNoIB.app */ = {isa = PBXFileReference; explicitFileType = wrapper.application; includeInIndex = 0; path = Chapter8StackViewLayoutPrioritiesNoIB.app; sourceTree = BUILT_PRODUCTS_DIR; };
		D943191E2417E3ED0015CB89 /* AppDelegate.swift */ = {isa = PBXFileReference; lastKnownFileType = sourcecode.swift; path = AppDelegate.swift; sourceTree = "<group>"; };
		D94319202417E3ED0015CB89 /* SceneDelegate.swift */ = {isa = PBXFileReference; lastKnownFileType = sourcecode.swift; path = SceneDelegate.swift; sourceTree = "<group>"; };
		D94319222417E3ED0015CB89 /* ViewController.swift */ = {isa = PBXFileReference; lastKnownFileType = sourcecode.swift; path = ViewController.swift; sourceTree = "<group>"; };
		D94319252417E3ED0015CB89 /* Base */ = {isa = PBXFileReference; lastKnownFileType = file.storyboard; name = Base; path = Base.lproj/Main.storyboard; sourceTree = "<group>"; };
		D94319272417E3EE0015CB89 /* Assets.xcassets */ = {isa = PBXFileReference; lastKnownFileType = folder.assetcatalog; path = Assets.xcassets; sourceTree = "<group>"; };
		D943192A2417E3EE0015CB89 /* Base */ = {isa = PBXFileReference; lastKnownFileType = file.storyboard; name = Base; path = Base.lproj/LaunchScreen.storyboard; sourceTree = "<group>"; };
		D943192C2417E3EE0015CB89 /* Info.plist */ = {isa = PBXFileReference; lastKnownFileType = text.plist.xml; path = Info.plist; sourceTree = "<group>"; };
/* End PBXFileReference section */

/* Begin PBXFrameworksBuildPhase section */
		D94319182417E3ED0015CB89 /* Frameworks */ = {
			isa = PBXFrameworksBuildPhase;
			buildActionMask = 2147483647;
			files = (
			);
			runOnlyForDeploymentPostprocessing = 0;
		};
/* End PBXFrameworksBuildPhase section */

/* Begin PBXGroup section */
		D94319122417E3ED0015CB89 = {
			isa = PBXGroup;
			children = (
				D943191D2417E3ED0015CB89 /* Chapter8StackViewLayoutPrioritiesNoIB */,
				D943191C2417E3ED0015CB89 /* Products */,
			);
			sourceTree = "<group>";
		};
		D943191C2417E3ED0015CB89 /* Products */ = {
			isa = PBXGroup;
			children = (
				D943191B2417E3ED0015CB89 /* Chapter8StackViewLayoutPrioritiesNoIB.app */,
			);
			name = Products;
			sourceTree = "<group>";
		};
		D943191D2417E3ED0015CB89 /* Chapter8StackViewLayoutPrioritiesNoIB */ = {
			isa = PBXGroup;
			children = (
				D943191E2417E3ED0015CB89 /* AppDelegate.swift */,
				D94319202417E3ED0015CB89 /* SceneDelegate.swift */,
				D94319222417E3ED0015CB89 /* ViewController.swift */,
				D94319242417E3ED0015CB89 /* Main.storyboard */,
				D94319272417E3EE0015CB89 /* Assets.xcassets */,
				D94319292417E3EE0015CB89 /* LaunchScreen.storyboard */,
				D943192C2417E3EE0015CB89 /* Info.plist */,
			);
			path = Chapter8StackViewLayoutPrioritiesNoIB;
			sourceTree = "<group>";
		};
/* End PBXGroup section */

/* Begin PBXNativeTarget section */
		D943191A2417E3ED0015CB89 /* Chapter8StackViewLayoutPrioritiesNoIB */ = {
			isa = PBXNativeTarget;
			buildConfigurationList = D943192F2417E3EE0015CB89 /* Build configuration list for PBXNativeTarget "Chapter8StackViewLayoutPrioritiesNoIB" */;
			buildPhases = (
				D94319172417E3ED0015CB89 /* Sources */,
				D94319182417E3ED0015CB89 /* Frameworks */,
				D94319192417E3ED0015CB89 /* Resources */,
			);
			buildRules = (
			);
			dependencies = (
			);
			name = Chapter8StackViewLayoutPrioritiesNoIB;
			productName = Chapter8StackViewLayoutPrioritiesNoIB;
			productReference = D943191B2417E3ED0015CB89 /* Chapter8StackViewLayoutPrioritiesNoIB.app */;
			productType = "com.apple.product-type.application";
		};
/* End PBXNativeTarget section */

/* Begin PBXProject section */
		D94319132417E3ED0015CB89 /* Project object */ = {
			isa = PBXProject;
			attributes = {
				LastSwiftUpdateCheck = 1130;
				LastUpgradeCheck = 1130;
				ORGANIZATIONNAME = "Herve Desrosiers";
				TargetAttributes = {
					D943191A2417E3ED0015CB89 = {
						CreatedOnToolsVersion = 11.3.1;
					};
				};
			};
			buildConfigurationList = D94319162417E3ED0015CB89 /* Build configuration list for PBXProject "Chapter8StackViewLayoutPrioritiesNoIB" */;
			compatibilityVersion = "Xcode 9.3";
			developmentRegion = en;
			hasScannedForEncodings = 0;
			knownRegions = (
				en,
				Base,
			);
			mainGroup = D94319122417E3ED0015CB89;
			productRefGroup = D943191C2417E3ED0015CB89 /* Products */;
			projectDirPath = "";
			projectRoot = "";
			targets = (
				D943191A2417E3ED0015CB89 /* Chapter8StackViewLayoutPrioritiesNoIB */,
			);
		};
/* End PBXProject section */

/* Begin PBXResourcesBuildPhase section */
		D94319192417E3ED0015CB89 /* Resources */ = {
			isa = PBXResourcesBuildPhase;
			buildActionMask = 2147483647;
			files = (
				D943192B2417E3EE0015CB89 /* LaunchScreen.storyboard in Resources */,
				D94319282417E3EE0015CB89 /* Assets.xcassets in Resources */,
				D94319262417E3ED0015CB89 /* Main.storyboard in Resources */,
			);
			runOnlyForDeploymentPostprocessing = 0;
		};
/* End PBXResourcesBuildPhase section */

/* Begin PBXSourcesBuildPhase section */
		D94319172417E3ED0015CB89 /* Sources */ = {
			isa = PBXSourcesBuildPhase;
			buildActionMask = 2147483647;
			files = (
				D94319232417E3ED0015CB89 /* ViewController.swift in Sources */,
				D943191F2417E3ED0015CB89 /* AppDelegate.swift in Sources */,
				D94319212417E3ED0015CB89 /* SceneDelegate.swift in Sources */,
			);
			runOnlyForDeploymentPostprocessing = 0;
		};
/* End PBXSourcesBuildPhase section */

/* Begin PBXVariantGroup section */
		D94319242417E3ED0015CB89 /* Main.storyboard */ = {
			isa = PBXVariantGroup;
			children = (
				D94319252417E3ED0015CB89 /* Base */,
			);
			name = Main.storyboard;
			sourceTree = "<group>";
		};
		D94319292417E3EE0015CB89 /* LaunchScreen.storyboard */ = {
			isa = PBXVariantGroup;
			children = (
				D943192A2417E3EE0015CB89 /* Base */,
			);
			name = LaunchScreen.storyboard;
			sourceTree = "<group>";
		};
/* End PBXVariantGroup section */

/* Begin XCBuildConfiguration section */
		D943192D2417E3EE0015CB89 /* Debug */ = {
			isa = XCBuildConfiguration;
			buildSettings = {
				ALWAYS_SEARCH_USER_PATHS = NO;
				CLANG_ANALYZER_NONNULL = YES;
				CLANG_ANALYZER_NUMBER_OBJECT_CONVERSION = YES_AGGRESSIVE;
				CLANG_CXX_LANGUAGE_STANDARD = "gnu++14";
				CLANG_CXX_LIBRARY = "libc++";
				CLANG_ENABLE_MODULES = YES;
				CLANG_ENABLE_OBJC_ARC = YES;
				CLANG_ENABLE_OBJC_WEAK = YES;
				CLANG_WARN_BLOCK_CAPTURE_AUTORELEASING = YES;
				CLANG_WARN_BOOL_CONVERSION = YES;
				CLANG_WARN_COMMA = YES;
				CLANG_WARN_CONSTANT_CONVERSION = YES;
				CLANG_WARN_DEPRECATED_OBJC_IMPLEMENTATIONS = YES;
				CLANG_WARN_DIRECT_OBJC_ISA_USAGE = YES_ERROR;
				CLANG_WARN_DOCUMENTATION_COMMENTS = YES;
				CLANG_WARN_EMPTY_BODY = YES;
				CLANG_WARN_ENUM_CONVERSION = YES;
				CLANG_WARN_INFINITE_RECURSION = YES;
				CLANG_WARN_INT_CONVERSION = YES;
				CLANG_WARN_NON_LITERAL_NULL_CONVERSION = YES;
				CLANG_WARN_OBJC_IMPLICIT_RETAIN_SELF = YES;
				CLANG_WARN_OBJC_LITERAL_CONVERSION = YES;
				CLANG_WARN_OBJC_ROOT_CLASS = YES_ERROR;
				CLANG_WARN_RANGE_LOOP_ANALYSIS = YES;
				CLANG_WARN_STRICT_PROTOTYPES = YES;
				CLANG_WARN_SUSPICIOUS_MOVE = YES;
				CLANG_WARN_UNGUARDED_AVAILABILITY = YES_AGGRESSIVE;
				CLANG_WARN_UNREACHABLE_CODE = YES;
				CLANG_WARN__DUPLICATE_METHOD_MATCH = YES;
				COPY_PHASE_STRIP = NO;
				DEBUG_INFORMATION_FORMAT = dwarf;
				ENABLE_STRICT_OBJC_MSGSEND = YES;
				ENABLE_TESTABILITY = YES;
				GCC_C_LANGUAGE_STANDARD = gnu11;
				GCC_DYNAMIC_NO_PIC = NO;
				GCC_NO_COMMON_BLOCKS = YES;
				GCC_OPTIMIZATION_LEVEL = 0;
				GCC_PREPROCESSOR_DEFINITIONS = (
					"DEBUG=1",
					"$(inherited)",
				);
				GCC_WARN_64_TO_32_BIT_CONVERSION = YES;
				GCC_WARN_ABOUT_RETURN_TYPE = YES_ERROR;
				GCC_WARN_UNDECLARED_SELECTOR = YES;
				GCC_WARN_UNINITIALIZED_AUTOS = YES_AGGRESSIVE;
				GCC_WARN_UNUSED_FUNCTION = YES;
				GCC_WARN_UNUSED_VARIABLE = YES;
				IPHONEOS_DEPLOYMENT_TARGET = 13.2;
				MTL_ENABLE_DEBUG_INFO = INCLUDE_SOURCE;
				MTL_FAST_MATH = YES;
				ONLY_ACTIVE_ARCH = YES;
				SDKROOT = iphoneos;
				SWIFT_ACTIVE_COMPILATION_CONDITIONS = DEBUG;
				SWIFT_OPTIMIZATION_LEVEL = "-Onone";
			};
			name = Debug;
		};
		D943192E2417E3EE0015CB89 /* Release */ = {
			isa = XCBuildConfiguration;
			buildSettings = {
				ALWAYS_SEARCH_USER_PATHS = NO;
				CLANG_ANALYZER_NONNULL = YES;
				CLANG_ANALYZER_NUMBER_OBJECT_CONVERSION = YES_AGGRESSIVE;
				CLANG_CXX_LANGUAGE_STANDARD = "gnu++14";
				CLANG_CXX_LIBRARY = "libc++";
				CLANG_ENABLE_MODULES = YES;
				CLANG_ENABLE_OBJC_ARC = YES;
				CLANG_ENABLE_OBJC_WEAK = YES;
				CLANG_WARN_BLOCK_CAPTURE_AUTORELEASING = YES;
				CLANG_WARN_BOOL_CONVERSION = YES;
				CLANG_WARN_COMMA = YES;
				CLANG_WARN_CONSTANT_CONVERSION = YES;
				CLANG_WARN_DEPRECATED_OBJC_IMPLEMENTATIONS = YES;
				CLANG_WARN_DIRECT_OBJC_ISA_USAGE = YES_ERROR;
				CLANG_WARN_DOCUMENTATION_COMMENTS = YES;
				CLANG_WARN_EMPTY_BODY = YES;
				CLANG_WARN_ENUM_CONVERSION = YES;
				CLANG_WARN_INFINITE_RECURSION = YES;
				CLANG_WARN_INT_CONVERSION = YES;
				CLANG_WARN_NON_LITERAL_NULL_CONVERSION = YES;
				CLANG_WARN_OBJC_IMPLICIT_RETAIN_SELF = YES;
				CLANG_WARN_OBJC_LITERAL_CONVERSION = YES;
				CLANG_WARN_OBJC_ROOT_CLASS = YES_ERROR;
				CLANG_WARN_RANGE_LOOP_ANALYSIS = YES;
				CLANG_WARN_STRICT_PROTOTYPES = YES;
				CLANG_WARN_SUSPICIOUS_MOVE = YES;
				CLANG_WARN_UNGUARDED_AVAILABILITY = YES_AGGRESSIVE;
				CLANG_WARN_UNREACHABLE_CODE = YES;
				CLANG_WARN__DUPLICATE_METHOD_MATCH = YES;
				COPY_PHASE_STRIP = NO;
				DEBUG_INFORMATION_FORMAT = "dwarf-with-dsym";
				ENABLE_NS_ASSERTIONS = NO;
				ENABLE_STRICT_OBJC_MSGSEND = YES;
				GCC_C_LANGUAGE_STANDARD = gnu11;
				GCC_NO_COMMON_BLOCKS = YES;
				GCC_WARN_64_TO_32_BIT_CONVERSION = YES;
				GCC_WARN_ABOUT_RETURN_TYPE = YES_ERROR;
				GCC_WARN_UNDECLARED_SELECTOR = YES;
				GCC_WARN_UNINITIALIZED_AUTOS = YES_AGGRESSIVE;
				GCC_WARN_UNUSED_FUNCTION = YES;
				GCC_WARN_UNUSED_VARIABLE = YES;
				IPHONEOS_DEPLOYMENT_TARGET = 13.2;
				MTL_ENABLE_DEBUG_INFO = NO;
				MTL_FAST_MATH = YES;
				SDKROOT = iphoneos;
				SWIFT_COMPILATION_MODE = wholemodule;
				SWIFT_OPTIMIZATION_LEVEL = "-O";
				VALIDATE_PRODUCT = YES;
			};
			name = Release;
		};
		D94319302417E3EE0015CB89 /* Debug */ = {
			isa = XCBuildConfiguration;
			buildSettings = {
				ASSETCATALOG_COMPILER_APPICON_NAME = AppIcon;
				CODE_SIGN_STYLE = Automatic;
				DEVELOPMENT_TEAM = FN5HT59QR2;
				INFOPLIST_FILE = Chapter8StackViewLayoutPrioritiesNoIB/Info.plist;
				LD_RUNPATH_SEARCH_PATHS = (
					"$(inherited)",
					"@executable_path/Frameworks",
				);
				PRODUCT_BUNDLE_IDENTIFIER = com.stingray.Chapter8StackViewLayoutPrioritiesNoIB;
				PRODUCT_NAME = "$(TARGET_NAME)";
				SWIFT_VERSION = 5.0;
				TARGETED_DEVICE_FAMILY = "1,2";
			};
			name = Debug;
		};
		D94319312417E3EE0015CB89 /* Release */ = {
			isa = XCBuildConfiguration;
			buildSettings = {
				ASSETCATALOG_COMPILER_APPICON_NAME = AppIcon;
				CODE_SIGN_STYLE = Automatic;
				DEVELOPMENT_TEAM = FN5HT59QR2;
				INFOPLIST_FILE = Chapter8StackViewLayoutPrioritiesNoIB/Info.plist;
				LD_RUNPATH_SEARCH_PATHS = (
					"$(inherited)",
					"@executable_path/Frameworks",
				);
				PRODUCT_BUNDLE_IDENTIFIER = com.stingray.Chapter8StackViewLayoutPrioritiesNoIB;
				PRODUCT_NAME = "$(TARGET_NAME)";
				SWIFT_VERSION = 5.0;
				TARGETED_DEVICE_FAMILY = "1,2";
			};
			name = Release;
		};
/* End XCBuildConfiguration section */

/* Begin XCConfigurationList section */
		D94319162417E3ED0015CB89 /* Build configuration list for PBXProject "Chapter8StackViewLayoutPrioritiesNoIB" */ = {
			isa = XCConfigurationList;
			buildConfigurations = (
				D943192D2417E3EE0015CB89 /* Debug */,
				D943192E2417E3EE0015CB89 /* Release */,
			);
			defaultConfigurationIsVisible = 0;
			defaultConfigurationName = Release;
		};
		D943192F2417E3EE0015CB89 /* Build configuration list for PBXNativeTarget "Chapter8StackViewLayoutPrioritiesNoIB" */ = {
			isa = XCConfigurationList;
			buildConfigurations = (
				D94319302417E3EE0015CB89 /* Debug */,
				D94319312417E3EE0015CB89 /* Release */,
			);
			defaultConfigurationIsVisible = 0;
			defaultConfigurationName = Release;
		};
/* End XCConfigurationList section */
	};
	rootObject = D94319132417E3ED0015CB89 /* Project object */;
}
